
Microsoft Visual Studio Solution File, Format Version 12.00
# Visual Studio 15
VisualStudioVersion = 15.0.26124.0
MinimumVisualStudioVersion = 15.0.26124.0
Project("{2150E333-8FDC-42A3-9474-1A3956D46DE8}") = "tests", "tests", "{06F0C647-193E-4313-AD7D-593D977CC790}"
EndProject
Project("{FAE04EC0-301F-11D3-BF4B-00C04F79EFBC}") = "Calculator.Tests", "tests\Calculator.Tests\Calculator.Tests.csproj", "{7A2F9A79-3F88-4EEE-B00F-F784DA7B6E14}"
EndProject
Project("{2150E333-8FDC-42A3-9474-1A3956D46DE8}") = "src", "src", "{1CDA10C5-AF34-43A3-88B6-B85752917AD2}"
EndProject
Project("{FAE04EC0-301F-11D3-BF4B-00C04F79EFBC}") = "Calculator", "src\Calculator\Calculator.csproj", "{3E0CE442-49CE-4EB7-876B-6999EDF7A212}"
EndProject
Global
	GlobalSection(SolutionConfigurationPlatforms) = preSolution
		Debug|Any CPU = Debug|Any CPU
		Debug|x64 = Debug|x64
		Debug|x86 = Debug|x86
		Release|Any CPU = Release|Any CPU
		Release|x64 = Release|x64
		Release|x86 = Release|x86
	EndGlobalSection
	GlobalSection(SolutionProperties) = preSolution
		HideSolutionNode = FALSE
	EndGlobalSection
	GlobalSection(ProjectConfigurationPlatforms) = postSolution
		{7A2F9A79-3F88-4EEE-B00F-F784DA7B6E14}.Debug|Any CPU.ActiveCfg = Debug|Any CPU
		{7A2F9A79-3F88-4EEE-B00F-F784DA7B6E14}.Debug|Any CPU.Build.0 = Debug|Any CPU
		{7A2F9A79-3F88-4EEE-B00F-F784DA7B6E14}.Debug|x64.ActiveCfg = Debug|Any CPU
		{7A2F9A79-3F88-4EEE-B00F-F784DA7B6E14}.Debug|x64.Build.0 = Debug|Any CPU
		{7A2F9A79-3F88-4EEE-B00F-F784DA7B6E14}.Debug|x86.ActiveCfg = Debug|Any CPU
		{7A2F9A79-3F88-4EEE-B00F-F784DA7B6E14}.Debug|x86.Build.0 = Debug|Any CPU
		{7A2F9A79-3F88-4EEE-B00F-F784DA7B6E14}.Release|Any CPU.ActiveCfg = Release|Any CPU
		{7A2F9A79-3F88-4EEE-B00F-F784DA7B6E14}.Release|Any CPU.Build.0 = Release|Any CPU
		{7A2F9A79-3F88-4EEE-B00F-F784DA7B6E14}.Release|x64.ActiveCfg = Release|Any CPU
		{7A2F9A79-3F88-4EEE-B00F-F784DA7B6E14}.Release|x64.Build.0 = Release|Any CPU
		{7A2F9A79-3F88-4EEE-B00F-F784DA7B6E14}.Release|x86.ActiveCfg = Release|Any CPU
		{7A2F9A79-3F88-4EEE-B00F-F784DA7B6E14}.Release|x86.Build.0 = Release|Any CPU
		{3E0CE442-49CE-4EB7-876B-6999EDF7A212}.Debug|Any CPU.ActiveCfg = Debug|Any CPU
		{3E0CE442-49CE-4EB7-876B-6999EDF7A212}.Debug|Any CPU.Build.0 = Debug|Any CPU
		{3E0CE442-49CE-4EB7-876B-6999EDF7A212}.Debug|x64.ActiveCfg = Debug|Any CPU
		{3E0CE442-49CE-4EB7-876B-6999EDF7A212}.Debug|x64.Build.0 = Debug|Any CPU
		{3E0CE442-49CE-4EB7-876B-6999EDF7A212}.Debug|x86.ActiveCfg = Debug|Any CPU
		{3E0CE442-49CE-4EB7-876B-6999EDF7A212}.Debug|x86.Build.0 = Debug|Any CPU
		{3E0CE442-49CE-4EB7-876B-6999EDF7A212}.Release|Any CPU.ActiveCfg = Release|Any CPU
		{3E0CE442-49CE-4EB7-876B-6999EDF7A212}.Release|Any CPU.Build.0 = Release|Any CPU
		{3E0CE442-49CE-4EB7-876B-6999EDF7A212}.Release|x64.ActiveCfg = Release|Any CPU
		{3E0CE442-49CE-4EB7-876B-6999EDF7A212}.Release|x64.Build.0 = Release|Any CPU
		{3E0CE442-49CE-4EB7-876B-6999EDF7A212}.Release|x86.ActiveCfg = Release|Any CPU
		{3E0CE442-49CE-4EB7-876B-6999EDF7A212}.Release|x86.Build.0 = Release|Any CPU
	EndGlobalSection
	GlobalSection(NestedProjects) = preSolution
		{7A2F9A79-3F88-4EEE-B00F-F784DA7B6E14} = {06F0C647-193E-4313-AD7D-593D977CC790}
		{3E0CE442-49CE-4EB7-876B-6999EDF7A212} = {1CDA10C5-AF34-43A3-88B6-B85752917AD2}
	EndGlobalSection
EndGlobal
